<?xml version="1.0" encoding="utf-8"?>
<Project ToolsVersion="4.0" xmlns="http://schemas.microsoft.com/developer/msbuild/2003">
  <ItemGroup>
    <Filter Include="Source Files">
      <UniqueIdentifier>{4FC737F1-C7A5-4376-A066-2A32D752A2FF}</UniqueIdentifier>
      <Extensions>cpp;c;cc;cxx;c++;cppm;ixx;def;odl;idl;hpj;bat;asm;asmx</Extensions>
    </Filter>
    <Filter Include="Header Files">
      <UniqueIdentifier>{93995380-89BD-4b04-88EB-625FBE52EBFB}</UniqueIdentifier>
      <Extensions>h;hh;hpp;hxx;h++;hm;inl;inc;ipp;xsd</Extensions>
    </Filter>
    <Filter Include="Resource Files">
      <UniqueIdentifier>{67DA6AB6-F800-4c08-8B7A-83BB121AAD01}</UniqueIdentifier>
      <Extensions>rc;ico;cur;bmp;dlg;rc2;rct;bin;rgs;gif;jpg;jpeg;jpe;resx;tiff;tif;png;wav;mfcribbon-ms</Extensions>
    </Filter>
    <Filter Include="Header Files\Scenes">
      <UniqueIdentifier>{e436f270-38a0-49f0-a9d2-4f5ab8b0f2fc}</UniqueIdentifier>
    </Filter>
    <Filter Include="Source Files\Scenes">
      <UniqueIdentifier>{4f18fa13-d3c9-4603-a728-4b0ddffb4a6c}</UniqueIdentifier>
    </Filter>
    <Filter Include="Source Files\Compile">
      <UniqueIdentifier>{2c3b35a6-d5fd-436f-822c-8d62f24feb76}</UniqueIdentifier>
    </Filter>
    <Filter Include="Source Files\Engine">
      <UniqueIdentifier>{b07245a8-d64b-4a0a-b731-951c2d856c54}</UniqueIdentifier>
    </Filter>
    <Filter Include="Header Files\Engine">
      <UniqueIdentifier>{cfb439e3-e9f4-4a37-81c0-b6a181b3186f}</UniqueIdentifier>
    </Filter>
    <Filter Include="Resource Files\Shaders">
      <UniqueIdentifier>{79ab1d7f-97a1-4013-8d0d-441d9a461e14}</UniqueIdentifier>
    </Filter>
    <Filter Include="Resource Files\Shaders\FramebufferTest">
      <UniqueIdentifier>{eb8a08e3-eb1a-4810-813d-b49909a84c22}</UniqueIdentifier>
    </Filter>
    <Filter Include="Resource Files\Shaders\RaymarchTest">
      <UniqueIdentifier>{0ff1abb1-be02-4f66-8390-05d83c4c5d0d}</UniqueIdentifier>
    </Filter>
    <Filter Include="Resource Files\Shaders\ShaderTest">
      <UniqueIdentifier>{2fda65ae-8564-427a-af02-34ee0effee9d}</UniqueIdentifier>
    </Filter>
    <Filter Include="Source Files\SceneObjects">
      <UniqueIdentifier>{17bae6e6-6602-4d2e-b401-f020ae81ae7b}</UniqueIdentifier>
    </Filter>
    <Filter Include="Header Files\SceneObjects">
      <UniqueIdentifier>{8a07910b-ba5b-4a0f-abc5-62126facb2aa}</UniqueIdentifier>
    </Filter>
    <Filter Include="Header Files\Engine\Environment">
      <UniqueIdentifier>{16617412-0ca8-402d-b3c6-108badf78a2e}</UniqueIdentifier>
    </Filter>
    <Filter Include="Source Files\Engine\Environment">
      <UniqueIdentifier>{239239f0-9e3c-4405-9204-105361b23d05}</UniqueIdentifier>
    </Filter>
    <Filter Include="Resource Files\Shaders\Default">
      <UniqueIdentifier>{d21f2cb8-4389-461c-80ef-36dac04a178d}</UniqueIdentifier>
    </Filter>
    <Filter Include="Resource Files\Shaders\Screen">
      <UniqueIdentifier>{f60d2066-7ae0-4f5c-8990-6b8fc7ebaa71}</UniqueIdentifier>
    </Filter>
    <Filter Include="Resource Files\Shaders\Skybox">
      <UniqueIdentifier>{d8e63cc9-5de4-4e30-ab57-31cf6057a0a2}</UniqueIdentifier>
    </Filter>
    <Filter Include="Source Files\Compile\imgui">
      <UniqueIdentifier>{67569773-edd9-4446-ac9f-c49c54b5b3ff}</UniqueIdentifier>
    </Filter>
    <Filter Include="Header Files\Engine\GUI">
      <UniqueIdentifier>{d092fed4-c23d-4043-bdb4-235357bbe1f2}</UniqueIdentifier>
    </Filter>
    <Filter Include="Source Files\Engine\GUI">
      <UniqueIdentifier>{adfd7469-0fb2-451c-9777-7275e5a770d7}</UniqueIdentifier>
    </Filter>
    <Filter Include="Resource Files\Shaders\Noise">
      <UniqueIdentifier>{975a21a1-b5a9-4242-a51d-42e223c5fb75}</UniqueIdentifier>
    </Filter>
    <Filter Include="Resource Files\Shaders\Clouds">
      <UniqueIdentifier>{98f57bad-d1fe-451b-bce2-7dd8cdb2e6cb}</UniqueIdentifier>
    </Filter>
    <Filter Include="Resource Files\Shaders\Terrain">
      <UniqueIdentifier>{cace9952-1ac7-40e4-aa77-23a725e4ff8a}</UniqueIdentifier>
    </Filter>
    <Filter Include="Resource Files\Shaders\PBR">
      <UniqueIdentifier>{0586d5d3-58ba-438a-bfb8-2d9c2457064c}</UniqueIdentifier>
    </Filter>
  </ItemGroup>
  <ItemGroup>
    <ClCompile Include="Main.cpp">
      <Filter>Source Files</Filter>
    </ClCompile>
    <ClCompile Include="Scenes\ShaderTestScene.cpp">
      <Filter>Source Files\Scenes</Filter>
    </ClCompile>
    <ClCompile Include="Compile\glad.c">
      <Filter>Source Files\Compile</Filter>
    </ClCompile>
    <ClCompile Include="Compile\stb_image.cpp">
      <Filter>Source Files\Compile</Filter>
    </ClCompile>
    <ClCompile Include="Engine\Camera.cpp">
      <Filter>Source Files\Engine</Filter>
    </ClCompile>
    <ClCompile Include="Engine\Shader.cpp">
      <Filter>Source Files\Engine</Filter>
    </ClCompile>
    <ClCompile Include="Engine\Window.cpp">
      <Filter>Source Files\Engine</Filter>
    </ClCompile>
    <ClCompile Include="Scenes\FramebufferTestScene.cpp">
      <Filter>Source Files\Scenes</Filter>
    </ClCompile>
    <ClCompile Include="Scenes\RaymarchTestScene.cpp">
      <Filter>Source Files\Scenes</Filter>
    </ClCompile>
    <ClCompile Include="Scenes\SkyboxTestScene.cpp">
      <Filter>Source Files\Scenes</Filter>
    </ClCompile>
    <ClCompile Include="Engine\FrameBufferObject.cpp">
      <Filter>Source Files\Engine</Filter>
    </ClCompile>
    <ClCompile Include="Engine\ScreenShader.cpp">
      <Filter>Source Files\Engine</Filter>
    </ClCompile>
    <ClCompile Include="Engine\Environment\ColorEnvironment.cpp">
      <Filter>Source Files\Engine\Environment</Filter>
    </ClCompile>
    <ClCompile Include="Engine\Environment\Environment.cpp">
      <Filter>Source Files\Engine\Environment</Filter>
    </ClCompile>
    <ClCompile Include="Engine\Environment\GradientEnvironment.cpp">
      <Filter>Source Files\Engine\Environment</Filter>
    </ClCompile>
    <ClCompile Include="Engine\Environment\SkyboxEnvironment.cpp">
      <Filter>Source Files\Engine\Environment</Filter>
    </ClCompile>
    <ClCompile Include="Compile\imgui\imgui.cpp">
      <Filter>Source Files\Compile\imgui</Filter>
    </ClCompile>
    <ClCompile Include="Compile\imgui\imgui_demo.cpp">
      <Filter>Source Files\Compile\imgui</Filter>
    </ClCompile>
    <ClCompile Include="Compile\imgui\imgui_draw.cpp">
      <Filter>Source Files\Compile\imgui</Filter>
    </ClCompile>
    <ClCompile Include="Compile\imgui\imgui_tables.cpp">
      <Filter>Source Files\Compile\imgui</Filter>
    </ClCompile>
    <ClCompile Include="Compile\imgui\imgui_widgets.cpp">
      <Filter>Source Files\Compile\imgui</Filter>
    </ClCompile>
    <ClCompile Include="Compile\imgui\imgui_impl_glfw.cpp">
      <Filter>Source Files\Compile\imgui</Filter>
    </ClCompile>
    <ClCompile Include="Compile\imgui\imgui_impl_opengl3.cpp">
      <Filter>Source Files\Compile\imgui</Filter>
    </ClCompile>
    <ClCompile Include="Engine\GUI\GUI.cpp">
      <Filter>Source Files\Engine\GUI</Filter>
    </ClCompile>
    <ClCompile Include="SceneObjects\Clouds.cpp">
      <Filter>Source Files\SceneObjects</Filter>
    </ClCompile>
    <ClCompile Include="Engine\Texture.cpp">
      <Filter>Source Files\Engine</Filter>
    </ClCompile>
    <ClCompile Include="SceneObjects\PlaneTexture.cpp">
      <Filter>Source Files\SceneObjects</Filter>
    </ClCompile>
    <ClCompile Include="SceneObjects\Terrain.cpp">
      <Filter>Source Files\SceneObjects</Filter>
    </ClCompile>
    <ClCompile Include="Scenes\TerrainTestScene.cpp">
      <Filter>Source Files\Scenes</Filter>
    </ClCompile>
    <ClCompile Include="Scenes\PBRTestScene.cpp">
      <Filter>Source Files\Scenes</Filter>
    </ClCompile>
    <ClCompile Include="SceneObjects\Sphere.cpp">
      <Filter>Source Files\SceneObjects</Filter>
    </ClCompile>
    <ClCompile Include="Engine\PBRMaterial.cpp">
      <Filter>Source Files\Engine</Filter>
    </ClCompile>
    <ClCompile Include="Scenes\CloudsTestScene.cpp">
      <Filter>Source Files\Scenes</Filter>
    </ClCompile>
    <ClCompile Include="Scenes\MainScene.cpp">
      <Filter>Source Files\Scenes</Filter>
    </ClCompile>
  </ItemGroup>
  <ItemGroup>
    <ClInclude Include="Scenes\ShaderTestScene.h">
      <Filter>Header Files\Scenes</Filter>
    </ClInclude>
    <ClInclude Include="Engine\Camera.h">
      <Filter>Header Files\Engine</Filter>
    </ClInclude>
    <ClInclude Include="Engine\Shader.h">
      <Filter>Header Files\Engine</Filter>
    </ClInclude>
    <ClInclude Include="Engine\Window.h">
      <Filter>Header Files\Engine</Filter>
    </ClInclude>
    <ClInclude Include="Engine\Scene.h">
      <Filter>Header Files\Engine</Filter>
    </ClInclude>
    <ClInclude Include="Engine\Utilities.h">
      <Filter>Header Files\Engine</Filter>
    </ClInclude>
    <ClInclude Include="Scenes\FramebufferTestScene.h">
      <Filter>Header Files\Scenes</Filter>
    </ClInclude>
    <ClInclude Include="Scenes\RaymarchTestScene.h">
      <Filter>Header Files\Scenes</Filter>
    </ClInclude>
    <ClInclude Include="Scenes\SkyboxTestScene.h">
      <Filter>Header Files\Scenes</Filter>
    </ClInclude>
    <ClInclude Include="Engine\FrameBufferObject.h">
      <Filter>Header Files\Engine</Filter>
    </ClInclude>
    <ClInclude Include="Engine\SceneObject.h">
      <Filter>Header Files\Engine</Filter>
    </ClInclude>
    <ClInclude Include="Engine\ScreenShader.h">
      <Filter>Header Files\Engine</Filter>
    </ClInclude>
    <ClInclude Include="Engine\Environment\ColorEnvironment.h">
      <Filter>Header Files\Engine\Environment</Filter>
    </ClInclude>
    <ClInclude Include="Engine\Environment\Environment.h">
      <Filter>Header Files\Engine\Environment</Filter>
    </ClInclude>
    <ClInclude Include="Engine\Environment\GradientEnvironment.h">
      <Filter>Header Files\Engine\Environment</Filter>
    </ClInclude>
    <ClInclude Include="Engine\Environment\SkyboxEnvironment.h">
      <Filter>Header Files\Engine\Environment</Filter>
    </ClInclude>
    <ClInclude Include="Engine\Color.h">
      <Filter>Header Files\Engine</Filter>
    </ClInclude>
    <ClInclude Include="Engine\GUI\GUI.h">
      <Filter>Header Files\Engine\GUI</Filter>
    </ClInclude>
    <ClInclude Include="Engine\GUI\GUIBuilder.h">
      <Filter>Header Files\Engine\GUI</Filter>
    </ClInclude>
    <ClInclude Include="SceneObjects\Clouds.h">
      <Filter>Header Files\SceneObjects</Filter>
    </ClInclude>
    <ClInclude Include="Engine\Texture.h">
      <Filter>Header Files\Engine</Filter>
    </ClInclude>
    <ClInclude Include="SceneObjects\PlaneTexture.h">
      <Filter>Header Files\SceneObjects</Filter>
    </ClInclude>
    <ClInclude Include="Engine\GUI\ImGUIExpansions.h">
      <Filter>Header Files\Engine\GUI</Filter>
    </ClInclude>
    <ClInclude Include="SceneObjects\Terrain.h">
      <Filter>Header Files\SceneObjects</Filter>
    </ClInclude>
    <ClInclude Include="Scenes\TerrainTestScene.h">
      <Filter>Header Files\Scenes</Filter>
    </ClInclude>
    <ClInclude Include="Scenes\PBRTestScene.h">
      <Filter>Header Files\Scenes</Filter>
    </ClInclude>
    <ClInclude Include="SceneObjects\Sphere.h">
      <Filter>Header Files\SceneObjects</Filter>
    </ClInclude>
    <ClInclude Include="Engine\PBRMaterial.h">
      <Filter>Header Files\Engine</Filter>
    </ClInclude>
    <ClInclude Include="Scenes\CloudsTestScene.h">
      <Filter>Header Files\Scenes</Filter>
    </ClInclude>
    <ClInclude Include="Scenes\MainScene.h">
      <Filter>Header Files\Scenes</Filter>
    </ClInclude>
  </ItemGroup>
  <ItemGroup>
    <None Include="Shaders\FramebufferTest\screenShader.frag">
      <Filter>Resource Files\Shaders\FramebufferTest</Filter>
    </None>
    <None Include="Shaders\RaymarchTest\screenShader.frag">
      <Filter>Resource Files\Shaders\RaymarchTest</Filter>
    </None>
    <None Include="Shaders\ShaderTest\lightShader.frag">
      <Filter>Resource Files\Shaders\ShaderTest</Filter>
    </None>
    <None Include="Shaders\ShaderTest\shader.frag">
      <Filter>Resource Files\Shaders\ShaderTest</Filter>
    </None>
    <None Include="Shaders\ShaderTest\shader.vert">
      <Filter>Resource Files\Shaders\ShaderTest</Filter>
    </None>
    <None Include="Shaders\Default\shader.vert">
      <Filter>Resource Files\Shaders\Default</Filter>
    </None>
    <None Include="Shaders\Default\textureShader2D.frag">
      <Filter>Resource Files\Shaders\Default</Filter>
    </None>
    <None Include="Shaders\Screen\shader.vert">
      <Filter>Resource Files\Shaders\Screen</Filter>
    </None>
    <None Include="Shaders\Skybox\sky.frag">
      <Filter>Resource Files\Shaders\Skybox</Filter>
    </None>
    <None Include="Shaders\Noise\perlinWorley.comp">
      <Filter>Resource Files\Shaders\Noise</Filter>
    </None>
    <None Include="Shaders\Noise\worley.comp">
      <Filter>Resource Files\Shaders\Noise</Filter>
    </None>
    <None Include="Shaders\Clouds\weatherMap.comp">
      <Filter>Resource Files\Shaders\Clouds</Filter>
    </None>
    <None Include="Shaders\Default\textureShader3D.frag">
      <Filter>Resource Files\Shaders\Default</Filter>
    </None>
    <None Include="Shaders\Clouds\clouds.frag">
      <Filter>Resource Files\Shaders\Clouds</Filter>
    </None>
    <None Include="Shaders\Terrain\terrain.frag">
      <Filter>Resource Files\Shaders\Terrain</Filter>
    </None>
    <None Include="Shaders\Terrain\terrain.tesc">
      <Filter>Resource Files\Shaders\Terrain</Filter>
    </None>
    <None Include="Shaders\Terrain\terrain.tese">
      <Filter>Resource Files\Shaders\Terrain</Filter>
    </None>
    <None Include="Shaders\Terrain\terrain.vert">
      <Filter>Resource Files\Shaders\Terrain</Filter>
    </None>
    <None Include="Shaders\PBR\PBR.frag">
      <Filter>Resource Files\Shaders\PBR</Filter>
    </None>
    <None Include="Shaders\PBR\PBR.vert">
      <Filter>Resource Files\Shaders\PBR</Filter>
    </None>
  </ItemGroup>
</Project>