<?xml version="1.0" encoding="utf-8"?>
<Project ToolsVersion="4.0" xmlns="http://schemas.microsoft.com/developer/msbuild/2003">
  <ItemGroup>
    <Filter Include="Source Files">
      <UniqueIdentifier>{4FC737F1-C7A5-4376-A066-2A32D752A2FF}</UniqueIdentifier>
      <Extensions>cpp;c;cc;cxx;c++;cppm;ixx;def;odl;idl;hpj;bat;asm;asmx</Extensions>
    </Filter>
    <Filter Include="Header Files">
      <UniqueIdentifier>{93995380-89BD-4b04-88EB-625FBE52EBFB}</UniqueIdentifier>
      <Extensions>h;hh;hpp;hxx;h++;hm;inl;inc;ipp;xsd</Extensions>
    </Filter>
    <Filter Include="Resource Files">
      <UniqueIdentifier>{67DA6AB6-F800-4c08-8B7A-83BB121AAD01}</UniqueIdentifier>
      <Extensions>rc;ico;cur;bmp;dlg;rc2;rct;bin;rgs;gif;jpg;jpeg;jpe;resx;tiff;tif;png;wav;mfcribbon-ms</Extensions>
    </Filter>
    <Filter Include="Header Files\Scenes">
      <UniqueIdentifier>{e436f270-38a0-49f0-a9d2-4f5ab8b0f2fc}</UniqueIdentifier>
    </Filter>
    <Filter Include="Source Files\Scenes">
      <UniqueIdentifier>{4f18fa13-d3c9-4603-a728-4b0ddffb4a6c}</UniqueIdentifier>
    </Filter>
    <Filter Include="Source Files\Compile">
      <UniqueIdentifier>{2c3b35a6-d5fd-436f-822c-8d62f24feb76}</UniqueIdentifier>
    </Filter>
    <Filter Include="Source Files\Engine">
      <UniqueIdentifier>{b07245a8-d64b-4a0a-b731-951c2d856c54}</UniqueIdentifier>
    </Filter>
    <Filter Include="Header Files\Engine">
      <UniqueIdentifier>{cfb439e3-e9f4-4a37-81c0-b6a181b3186f}</UniqueIdentifier>
    </Filter>
    <Filter Include="Resource Files\Shaders">
      <UniqueIdentifier>{79ab1d7f-97a1-4013-8d0d-441d9a461e14}</UniqueIdentifier>
    </Filter>
    <Filter Include="Resource Files\Shaders\FramebufferTest">
      <UniqueIdentifier>{eb8a08e3-eb1a-4810-813d-b49909a84c22}</UniqueIdentifier>
    </Filter>
    <Filter Include="Resource Files\Shaders\RaymarchTest">
      <UniqueIdentifier>{0ff1abb1-be02-4f66-8390-05d83c4c5d0d}</UniqueIdentifier>
    </Filter>
    <Filter Include="Resource Files\Shaders\ShaderTest">
      <UniqueIdentifier>{2fda65ae-8564-427a-af02-34ee0effee9d}</UniqueIdentifier>
    </Filter>
    <Filter Include="Source Files\SceneObjects">
      <UniqueIdentifier>{17bae6e6-6602-4d2e-b401-f020ae81ae7b}</UniqueIdentifier>
    </Filter>
    <Filter Include="Header Files\SceneObjects">
      <UniqueIdentifier>{8a07910b-ba5b-4a0f-abc5-62126facb2aa}</UniqueIdentifier>
    </Filter>
  </ItemGroup>
  <ItemGroup>
    <ClCompile Include="ProceduralCloudscapes.cpp">
      <Filter>Source Files</Filter>
    </ClCompile>
    <ClCompile Include="Scenes\ShaderTestScene.cpp">
      <Filter>Source Files\Scenes</Filter>
    </ClCompile>
    <ClCompile Include="Compile\glad.c">
      <Filter>Source Files\Compile</Filter>
    </ClCompile>
    <ClCompile Include="Compile\stb_image.cpp">
      <Filter>Source Files\Compile</Filter>
    </ClCompile>
    <ClCompile Include="Engine\Camera.cpp">
      <Filter>Source Files\Engine</Filter>
    </ClCompile>
    <ClCompile Include="Engine\Shader.cpp">
      <Filter>Source Files\Engine</Filter>
    </ClCompile>
    <ClCompile Include="Engine\Window.cpp">
      <Filter>Source Files\Engine</Filter>
    </ClCompile>
    <ClCompile Include="Scenes\FramebufferTestScene.cpp">
      <Filter>Source Files\Scenes</Filter>
    </ClCompile>
    <ClCompile Include="Scenes\RaymarchTestScene.cpp">
      <Filter>Source Files\Scenes</Filter>
    </ClCompile>
    <ClCompile Include="Scenes\SkyboxTestScene.cpp">
      <Filter>Source Files\Scenes</Filter>
    </ClCompile>
    <ClCompile Include="Engine\FrameBufferObject.cpp">
      <Filter>Source Files\Engine</Filter>
    </ClCompile>
    <ClCompile Include="SceneObjects\Skybox.cpp">
      <Filter>Source Files\SceneObjects</Filter>
    </ClCompile>
    <ClCompile Include="Engine\ScreenShader.cpp">
      <Filter>Source Files\Engine</Filter>
    </ClCompile>
  </ItemGroup>
  <ItemGroup>
    <ClInclude Include="Scenes\ShaderTestScene.h">
      <Filter>Header Files\Scenes</Filter>
    </ClInclude>
    <ClInclude Include="Engine\Camera.h">
      <Filter>Header Files\Engine</Filter>
    </ClInclude>
    <ClInclude Include="Engine\Shader.h">
      <Filter>Header Files\Engine</Filter>
    </ClInclude>
    <ClInclude Include="Engine\Window.h">
      <Filter>Header Files\Engine</Filter>
    </ClInclude>
    <ClInclude Include="Engine\Scene.h">
      <Filter>Header Files\Engine</Filter>
    </ClInclude>
    <ClInclude Include="Engine\Utilities.h">
      <Filter>Header Files\Engine</Filter>
    </ClInclude>
    <ClInclude Include="Scenes\FramebufferTestScene.h">
      <Filter>Header Files\Scenes</Filter>
    </ClInclude>
    <ClInclude Include="Scenes\RaymarchTestScene.h">
      <Filter>Header Files\Scenes</Filter>
    </ClInclude>
    <ClInclude Include="Scenes\SkyboxTestScene.h">
      <Filter>Header Files\Scenes</Filter>
    </ClInclude>
    <ClInclude Include="Engine\FrameBufferObject.h">
      <Filter>Header Files\Engine</Filter>
    </ClInclude>
    <ClInclude Include="Engine\SceneObject.h">
      <Filter>Header Files\Engine</Filter>
    </ClInclude>
    <ClInclude Include="SceneObjects\Skybox.h">
      <Filter>Header Files\SceneObjects</Filter>
    </ClInclude>
    <ClInclude Include="Engine\ScreenShader.h">
      <Filter>Header Files\Engine</Filter>
    </ClInclude>
  </ItemGroup>
  <ItemGroup>
    <None Include="Shaders\FramebufferTest\screenShader.frag">
      <Filter>Resource Files\Shaders\FramebufferTest</Filter>
    </None>
    <None Include="Shaders\FramebufferTest\screenShader.vert">
      <Filter>Resource Files\Shaders\FramebufferTest</Filter>
    </None>
    <None Include="Shaders\RaymarchTest\screenShader.frag">
      <Filter>Resource Files\Shaders\RaymarchTest</Filter>
    </None>
    <None Include="Shaders\RaymarchTest\screenShader.vert">
      <Filter>Resource Files\Shaders\RaymarchTest</Filter>
    </None>
    <None Include="Shaders\FramebufferTest\shader.frag">
      <Filter>Resource Files\Shaders\FramebufferTest</Filter>
    </None>
    <None Include="Shaders\RaymarchTest\shader.frag">
      <Filter>Resource Files\Shaders\RaymarchTest</Filter>
    </None>
    <None Include="Shaders\FramebufferTest\shader.vert">
      <Filter>Resource Files\Shaders\FramebufferTest</Filter>
    </None>
    <None Include="Shaders\RaymarchTest\shader.vert">
      <Filter>Resource Files\Shaders\RaymarchTest</Filter>
    </None>
    <None Include="Shaders\ShaderTest\lightShader.frag">
      <Filter>Resource Files\Shaders\ShaderTest</Filter>
    </None>
    <None Include="Shaders\ShaderTest\shader.frag">
      <Filter>Resource Files\Shaders\ShaderTest</Filter>
    </None>
    <None Include="Shaders\ShaderTest\shader.vert">
      <Filter>Resource Files\Shaders\ShaderTest</Filter>
    </None>
  </ItemGroup>
</Project>